
Microsoft Visual Studio Solution File, Format Version 10.00
# Visual Studio 2008
# SharpDevelop 3.2.0.5777
Project("{12B76EC0-1D7B-4FA7-A7D0-C524288B48A1}") = "Step_1", "Step_1\Step_1.ilproj", "{6B9B2EA7-8829-435D-8AB8-38893A276C6E}"
EndProject
Project("{12B76EC0-1D7B-4FA7-A7D0-C524288B48A1}") = "Step_2_1", "Step_2\Step_2_1.ilproj", "{450FC3E4-B606-48C2-8137-E037EAA2F606}"
EndProject
Project("{12B76EC0-1D7B-4FA7-A7D0-C524288B48A1}") = "Step_2", "Step_2\Step_2.ilproj", "{A07D27E0-48D3-44C9-91E3-A8A40745D3DC}"
EndProject
Project("{12B76EC0-1D7B-4FA7-A7D0-C524288B48A1}") = "Step_2_2", "Step_2_2\Step_2_2.ilproj", "{5B3F1C8B-37D8-45AB-82A6-3A2B13ABA9B8}"
EndProject
Project("{12B76EC0-1D7B-4FA7-A7D0-C524288B48A1}") = "Step_3", "Step_3\Step_3.ilproj", "{D1FBE692-BE6B-4635-8A90-633C34C946FB}"
EndProject
Project("{12B76EC0-1D7B-4FA7-A7D0-C524288B48A1}") = "Step_4", "Step_4\Step_4.ilproj", "{C79D3702-751D-434F-8D73-E2B6473DFD72}"
EndProject
Project("{12B76EC0-1D7B-4FA7-A7D0-C524288B48A1}") = "test1", "test1\test1.ilproj", "{3BDB4E0E-3F6D-4D88-BF85-27A5FB11B97D}"
EndProject
Global
	GlobalSection(SolutionConfigurationPlatforms) = preSolution
		Debug|Any CPU = Debug|Any CPU
		Release|Any CPU = Release|Any CPU
	EndGlobalSection
	GlobalSection(ProjectConfigurationPlatforms) = postSolution
		{6B9B2EA7-8829-435D-8AB8-38893A276C6E}.Debug|Any CPU.Build.0 = Debug|x86
		{6B9B2EA7-8829-435D-8AB8-38893A276C6E}.Debug|Any CPU.ActiveCfg = Debug|x86
		{6B9B2EA7-8829-435D-8AB8-38893A276C6E}.Release|Any CPU.Build.0 = Release|x86
		{6B9B2EA7-8829-435D-8AB8-38893A276C6E}.Release|Any CPU.ActiveCfg = Release|x86
		{450FC3E4-B606-48C2-8137-E037EAA2F606}.Debug|Any CPU.Build.0 = Debug|x86
		{450FC3E4-B606-48C2-8137-E037EAA2F606}.Debug|Any CPU.ActiveCfg = Debug|x86
		{450FC3E4-B606-48C2-8137-E037EAA2F606}.Release|Any CPU.Build.0 = Release|x86
		{450FC3E4-B606-48C2-8137-E037EAA2F606}.Release|Any CPU.ActiveCfg = Release|x86
		{A07D27E0-48D3-44C9-91E3-A8A40745D3DC}.Debug|Any CPU.Build.0 = Debug|x86
		{A07D27E0-48D3-44C9-91E3-A8A40745D3DC}.Debug|Any CPU.ActiveCfg = Debug|x86
		{A07D27E0-48D3-44C9-91E3-A8A40745D3DC}.Release|Any CPU.Build.0 = Release|x86
		{A07D27E0-48D3-44C9-91E3-A8A40745D3DC}.Release|Any CPU.ActiveCfg = Release|x86
		{5B3F1C8B-37D8-45AB-82A6-3A2B13ABA9B8}.Debug|Any CPU.Build.0 = Debug|x86
		{5B3F1C8B-37D8-45AB-82A6-3A2B13ABA9B8}.Debug|Any CPU.ActiveCfg = Debug|x86
		{5B3F1C8B-37D8-45AB-82A6-3A2B13ABA9B8}.Release|Any CPU.Build.0 = Release|x86
		{5B3F1C8B-37D8-45AB-82A6-3A2B13ABA9B8}.Release|Any CPU.ActiveCfg = Release|x86
		{D1FBE692-BE6B-4635-8A90-633C34C946FB}.Debug|Any CPU.Build.0 = Debug|x86
		{D1FBE692-BE6B-4635-8A90-633C34C946FB}.Debug|Any CPU.ActiveCfg = Debug|x86
		{D1FBE692-BE6B-4635-8A90-633C34C946FB}.Release|Any CPU.Build.0 = Release|x86
		{D1FBE692-BE6B-4635-8A90-633C34C946FB}.Release|Any CPU.ActiveCfg = Release|x86
		{C79D3702-751D-434F-8D73-E2B6473DFD72}.Debug|Any CPU.Build.0 = Debug|x86
		{C79D3702-751D-434F-8D73-E2B6473DFD72}.Debug|Any CPU.ActiveCfg = Debug|x86
		{C79D3702-751D-434F-8D73-E2B6473DFD72}.Release|Any CPU.Build.0 = Release|x86
		{C79D3702-751D-434F-8D73-E2B6473DFD72}.Release|Any CPU.ActiveCfg = Release|x86
		{3BDB4E0E-3F6D-4D88-BF85-27A5FB11B97D}.Debug|Any CPU.Build.0 = Debug|x86
		{3BDB4E0E-3F6D-4D88-BF85-27A5FB11B97D}.Debug|Any CPU.ActiveCfg = Debug|x86
		{3BDB4E0E-3F6D-4D88-BF85-27A5FB11B97D}.Release|Any CPU.Build.0 = Release|x86
		{3BDB4E0E-3F6D-4D88-BF85-27A5FB11B97D}.Release|Any CPU.ActiveCfg = Release|x86
	EndGlobalSection
EndGlobal
